// !$*UTF8*$!
{
	archiveVersion = 1;
	classes = {
	};
	objectVersion = 48;
	objects = {

/* Begin PBXAggregateTarget section */
		B6C0400620B94F2B002A7ED0 /* CCToolKits */ = {
			isa = PBXAggregateTarget;
			buildConfigurationList = B6C0400720B94F2B002A7ED0 /* Build configuration list for PBXAggregateTarget "CCToolKits" */;
			buildPhases = (
				B6C0400A20B94F32002A7ED0 /* ShellScript */,
			);
			dependencies = (
				B6C0400C20B94FD0002A7ED0 /* PBXTargetDependency */,
			);
			name = CCToolKits;
			productName = CCToolKits;
		};
/* End PBXAggregateTarget section */

/* Begin PBXBuildFile section */
		B60E6F9520AECEB4001F593B /* NSString+Extensions.h in Headers */ = {isa = PBXBuildFile; fileRef = B60E6F9320AECEB4001F593B /* NSString+Extensions.h */; settings = {ATTRIBUTES = (Public, ); }; };
		B60E6F9620AECEB4001F593B /* NSString+Extensions.m in Sources */ = {isa = PBXBuildFile; fileRef = B60E6F9420AECEB4001F593B /* NSString+Extensions.m */; };
		B623DA6E20AAD38C00220F3F /* UIColor+Extensions.m in Sources */ = {isa = PBXBuildFile; fileRef = B623DA6A20AAD38C00220F3F /* UIColor+Extensions.m */; };
		B623DA6F20AAD38C00220F3F /* UIImage+Extensions.h in Headers */ = {isa = PBXBuildFile; fileRef = B623DA6B20AAD38C00220F3F /* UIImage+Extensions.h */; settings = {ATTRIBUTES = (Public, ); }; };
		B623DA7020AAD38C00220F3F /* UIColor+Extensions.h in Headers */ = {isa = PBXBuildFile; fileRef = B623DA6C20AAD38C00220F3F /* UIColor+Extensions.h */; settings = {ATTRIBUTES = (Public, ); }; };
		B623DA7120AAD38C00220F3F /* UIImage+Extensions.m in Sources */ = {isa = PBXBuildFile; fileRef = B623DA6D20AAD38C00220F3F /* UIImage+Extensions.m */; };
		B623DA7720AAD3D700220F3F /* CCVersion.h in Headers */ = {isa = PBXBuildFile; fileRef = B623DA7320AAD3D700220F3F /* CCVersion.h */; settings = {ATTRIBUTES = (Public, ); }; };
		B623DA7A20AAD3D700220F3F /* CCVersion.m in Sources */ = {isa = PBXBuildFile; fileRef = B623DA7620AAD3D700220F3F /* CCVersion.m */; };
		B64016F020B3B699001CDAE0 /* NSError+Extensions.h in Headers */ = {isa = PBXBuildFile; fileRef = B64016EE20B3B699001CDAE0 /* NSError+Extensions.h */; settings = {ATTRIBUTES = (Public, ); }; };
		B64016F120B3B699001CDAE0 /* NSError+Extensions.m in Sources */ = {isa = PBXBuildFile; fileRef = B64016EF20B3B699001CDAE0 /* NSError+Extensions.m */; };
		B690F9FE20AD736D00D3D086 /* CCFileManager.m in Sources */ = {isa = PBXBuildFile; fileRef = B690F9FC20AD736C00D3D086 /* CCFileManager.m */; };
		B690F9FF20AD736D00D3D086 /* CCFileManager.h in Headers */ = {isa = PBXBuildFile; fileRef = B690F9FD20AD736C00D3D086 /* CCFileManager.h */; settings = {ATTRIBUTES = (Public, ); }; };
		B6C03FFB20B94879002A7ED0 /* NSError+CommonCrypto.h in Headers */ = {isa = PBXBuildFile; fileRef = B6C03FF920B94879002A7ED0 /* NSError+CommonCrypto.h */; };
		B6C03FFC20B94879002A7ED0 /* NSError+CommonCrypto.m in Sources */ = {isa = PBXBuildFile; fileRef = B6C03FFA20B94879002A7ED0 /* NSError+CommonCrypto.m */; };
		B6C0400120B94CDE002A7ED0 /* CCSoftwareManager.h in Headers */ = {isa = PBXBuildFile; fileRef = B6C03FFF20B94CDE002A7ED0 /* CCSoftwareManager.h */; settings = {ATTRIBUTES = (Public, ); }; };
		B6C0400220B94CDE002A7ED0 /* CCSoftwareManager.m in Sources */ = {isa = PBXBuildFile; fileRef = B6C0400020B94CDE002A7ED0 /* CCSoftwareManager.m */; };
		B6FA0AD220A984EF000CECA0 /* CCToolKitTests.m in Sources */ = {isa = PBXBuildFile; fileRef = B6FA0AD120A984EF000CECA0 /* CCToolKitTests.m */; };
		B6FA0AD420A984EF000CECA0 /* CCToolKit.h in Headers */ = {isa = PBXBuildFile; fileRef = B6FA0AC620A984EF000CECA0 /* CCToolKit.h */; settings = {ATTRIBUTES = (Public, ); }; };
		B6FDB1C120AFBC6C00483246 /* NSData+Extensions.h in Headers */ = {isa = PBXBuildFile; fileRef = B6FDB1BF20AFBC6C00483246 /* NSData+Extensions.h */; settings = {ATTRIBUTES = (Public, ); }; };
		B6FDB1C220AFBC6C00483246 /* NSData+Extensions.m in Sources */ = {isa = PBXBuildFile; fileRef = B6FDB1C020AFBC6C00483246 /* NSData+Extensions.m */; };
/* End PBXBuildFile section */

/* Begin PBXContainerItemProxy section */
		B6C0400B20B94FD0002A7ED0 /* PBXContainerItemProxy */ = {
			isa = PBXContainerItemProxy;
			containerPortal = B6FA0ABA20A984EF000CECA0 /* Project object */;
			proxyType = 1;
			remoteGlobalIDString = B6FA0AC220A984EF000CECA0;
			remoteInfo = CCToolKit;
		};
		B6FA0ACE20A984EF000CECA0 /* PBXContainerItemProxy */ = {
			isa = PBXContainerItemProxy;
			containerPortal = B6FA0ABA20A984EF000CECA0 /* Project object */;
			proxyType = 1;
			remoteGlobalIDString = B6FA0AC220A984EF000CECA0;
			remoteInfo = CCToolKit;
		};
/* End PBXContainerItemProxy section */

/* Begin PBXFileReference section */
		B60E6F9320AECEB4001F593B /* NSString+Extensions.h */ = {isa = PBXFileReference; lastKnownFileType = sourcecode.c.h; path = "NSString+Extensions.h"; sourceTree = "<group>"; };
		B60E6F9420AECEB4001F593B /* NSString+Extensions.m */ = {isa = PBXFileReference; lastKnownFileType = sourcecode.c.objc; path = "NSString+Extensions.m"; sourceTree = "<group>"; };
		B623DA6A20AAD38C00220F3F /* UIColor+Extensions.m */ = {isa = PBXFileReference; fileEncoding = 4; lastKnownFileType = sourcecode.c.objc; path = "UIColor+Extensions.m"; sourceTree = "<group>"; };
		B623DA6B20AAD38C00220F3F /* UIImage+Extensions.h */ = {isa = PBXFileReference; fileEncoding = 4; lastKnownFileType = sourcecode.c.h; path = "UIImage+Extensions.h"; sourceTree = "<group>"; };
		B623DA6C20AAD38C00220F3F /* UIColor+Extensions.h */ = {isa = PBXFileReference; fileEncoding = 4; lastKnownFileType = sourcecode.c.h; path = "UIColor+Extensions.h"; sourceTree = "<group>"; };
		B623DA6D20AAD38C00220F3F /* UIImage+Extensions.m */ = {isa = PBXFileReference; fileEncoding = 4; lastKnownFileType = sourcecode.c.objc; path = "UIImage+Extensions.m"; sourceTree = "<group>"; };
		B623DA7320AAD3D700220F3F /* CCVersion.h */ = {isa = PBXFileReference; fileEncoding = 4; lastKnownFileType = sourcecode.c.h; path = CCVersion.h; sourceTree = "<group>"; };
		B623DA7620AAD3D700220F3F /* CCVersion.m */ = {isa = PBXFileReference; fileEncoding = 4; lastKnownFileType = sourcecode.c.objc; path = CCVersion.m; sourceTree = "<group>"; };
		B64016EE20B3B699001CDAE0 /* NSError+Extensions.h */ = {isa = PBXFileReference; lastKnownFileType = sourcecode.c.h; path = "NSError+Extensions.h"; sourceTree = "<group>"; };
		B64016EF20B3B699001CDAE0 /* NSError+Extensions.m */ = {isa = PBXFileReference; lastKnownFileType = sourcecode.c.objc; path = "NSError+Extensions.m"; sourceTree = "<group>"; };
		B690F9FC20AD736C00D3D086 /* CCFileManager.m */ = {isa = PBXFileReference; fileEncoding = 4; lastKnownFileType = sourcecode.c.objc; path = CCFileManager.m; sourceTree = "<group>"; };
		B690F9FD20AD736C00D3D086 /* CCFileManager.h */ = {isa = PBXFileReference; fileEncoding = 4; lastKnownFileType = sourcecode.c.h; path = CCFileManager.h; sourceTree = "<group>"; };
		B6C03FF920B94879002A7ED0 /* NSError+CommonCrypto.h */ = {isa = PBXFileReference; lastKnownFileType = sourcecode.c.h; path = "NSError+CommonCrypto.h"; sourceTree = "<group>"; };
		B6C03FFA20B94879002A7ED0 /* NSError+CommonCrypto.m */ = {isa = PBXFileReference; lastKnownFileType = sourcecode.c.objc; path = "NSError+CommonCrypto.m"; sourceTree = "<group>"; };
		B6C03FFF20B94CDE002A7ED0 /* CCSoftwareManager.h */ = {isa = PBXFileReference; lastKnownFileType = sourcecode.c.h; path = CCSoftwareManager.h; sourceTree = "<group>"; };
		B6C0400020B94CDE002A7ED0 /* CCSoftwareManager.m */ = {isa = PBXFileReference; lastKnownFileType = sourcecode.c.objc; path = CCSoftwareManager.m; sourceTree = "<group>"; };
		B6C0401320B9517F002A7ED0 /* CCToolKit.framework */ = {isa = PBXFileReference; explicitFileType = wrapper.framework; includeInIndex = 0; path = CCToolKit.framework; sourceTree = BUILT_PRODUCTS_DIR; };
		B6C0401420B9517F002A7ED0 /* CCToolKitTests.xctest */ = {isa = PBXFileReference; explicitFileType = wrapper.cfbundle; includeInIndex = 0; path = CCToolKitTests.xctest; sourceTree = BUILT_PRODUCTS_DIR; };
		B6FA0AC620A984EF000CECA0 /* CCToolKit.h */ = {isa = PBXFileReference; lastKnownFileType = sourcecode.c.h; path = CCToolKit.h; sourceTree = "<group>"; };
		B6FA0AC720A984EF000CECA0 /* Info.plist */ = {isa = PBXFileReference; lastKnownFileType = text.plist.xml; path = Info.plist; sourceTree = "<group>"; };
		B6FA0AD120A984EF000CECA0 /* CCToolKitTests.m */ = {isa = PBXFileReference; lastKnownFileType = sourcecode.c.objc; path = CCToolKitTests.m; sourceTree = "<group>"; };
		B6FA0AD320A984EF000CECA0 /* Info.plist */ = {isa = PBXFileReference; lastKnownFileType = text.plist.xml; path = Info.plist; sourceTree = "<group>"; };
		B6FDB1BF20AFBC6C00483246 /* NSData+Extensions.h */ = {isa = PBXFileReference; lastKnownFileType = sourcecode.c.h; path = "NSData+Extensions.h"; sourceTree = "<group>"; };
		B6FDB1C020AFBC6C00483246 /* NSData+Extensions.m */ = {isa = PBXFileReference; lastKnownFileType = sourcecode.c.objc; path = "NSData+Extensions.m"; sourceTree = "<group>"; };
/* End PBXFileReference section */

/* Begin PBXFrameworksBuildPhase section */
		B6FA0ABF20A984EF000CECA0 /* Frameworks */ = {
			isa = PBXFrameworksBuildPhase;
			buildActionMask = 2147483647;
			files = (
			);
			runOnlyForDeploymentPostprocessing = 0;
		};
		B6FA0AC920A984EF000CECA0 /* Frameworks */ = {
			isa = PBXFrameworksBuildPhase;
			buildActionMask = 2147483647;
			files = (
			);
			runOnlyForDeploymentPostprocessing = 0;
		};
/* End PBXFrameworksBuildPhase section */

/* Begin PBXGroup section */
		B60BF8FC20AC4EB700EB3EAF /* CCStorage */ = {
			isa = PBXGroup;
			children = (
				B690F9FD20AD736C00D3D086 /* CCFileManager.h */,
				B690F9FC20AD736C00D3D086 /* CCFileManager.m */,
			);
			path = CCStorage;
			sourceTree = "<group>";
		};
		B623DA6920AAD38C00220F3F /* ClassExtension */ = {
			isa = PBXGroup;
			children = (
				B623DA6C20AAD38C00220F3F /* UIColor+Extensions.h */,
				B623DA6A20AAD38C00220F3F /* UIColor+Extensions.m */,
				B623DA6B20AAD38C00220F3F /* UIImage+Extensions.h */,
				B623DA6D20AAD38C00220F3F /* UIImage+Extensions.m */,
				B60E6F9320AECEB4001F593B /* NSString+Extensions.h */,
				B60E6F9420AECEB4001F593B /* NSString+Extensions.m */,
				B6FDB1BF20AFBC6C00483246 /* NSData+Extensions.h */,
				B6FDB1C020AFBC6C00483246 /* NSData+Extensions.m */,
				B64016EE20B3B699001CDAE0 /* NSError+Extensions.h */,
				B64016EF20B3B699001CDAE0 /* NSError+Extensions.m */,
				B6C03FF920B94879002A7ED0 /* NSError+CommonCrypto.h */,
				B6C03FFA20B94879002A7ED0 /* NSError+CommonCrypto.m */,
			);
			path = ClassExtension;
			sourceTree = "<group>";
		};
		B623DA7220AAD3D700220F3F /* CCSoftwareInfo */ = {
			isa = PBXGroup;
			children = (
				B623DA7320AAD3D700220F3F /* CCVersion.h */,
				B623DA7620AAD3D700220F3F /* CCVersion.m */,
				B6C03FFF20B94CDE002A7ED0 /* CCSoftwareManager.h */,
				B6C0400020B94CDE002A7ED0 /* CCSoftwareManager.m */,
			);
			path = CCSoftwareInfo;
			sourceTree = "<group>";
		};
		B6FA0AB920A984EF000CECA0 = {
			isa = PBXGroup;
			children = (
				B6FA0AC520A984EF000CECA0 /* CCToolKit */,
				B6FA0AD020A984EF000CECA0 /* CCToolKitTests */,
				B6C0401320B9517F002A7ED0 /* CCToolKit.framework */,
				B6C0401420B9517F002A7ED0 /* CCToolKitTests.xctest */,
			);
			sourceTree = "<group>";
		};
		B6FA0AC520A984EF000CECA0 /* CCToolKit */ = {
			isa = PBXGroup;
			children = (
				B6FA0AC720A984EF000CECA0 /* Info.plist */,
				B6FA0AC620A984EF000CECA0 /* CCToolKit.h */,
				B60BF8FC20AC4EB700EB3EAF /* CCStorage */,
				B623DA6920AAD38C00220F3F /* ClassExtension */,
				B623DA7220AAD3D700220F3F /* CCSoftwareInfo */,
			);
			path = CCToolKit;
			sourceTree = "<group>";
		};
		B6FA0AD020A984EF000CECA0 /* CCToolKitTests */ = {
			isa = PBXGroup;
			children = (
				B6FA0AD120A984EF000CECA0 /* CCToolKitTests.m */,
				B6FA0AD320A984EF000CECA0 /* Info.plist */,
			);
			path = CCToolKitTests;
			sourceTree = "<group>";
		};
/* End PBXGroup section */

/* Begin PBXHeadersBuildPhase section */
		B6FA0AC020A984EF000CECA0 /* Headers */ = {
			isa = PBXHeadersBuildPhase;
			buildActionMask = 2147483647;
			files = (
				B6FA0AD420A984EF000CECA0 /* CCToolKit.h in Headers */,
				B6C0400120B94CDE002A7ED0 /* CCSoftwareManager.h in Headers */,
				B6C03FFB20B94879002A7ED0 /* NSError+CommonCrypto.h in Headers */,
				B690F9FF20AD736D00D3D086 /* CCFileManager.h in Headers */,
				B623DA7720AAD3D700220F3F /* CCVersion.h in Headers */,
				B60E6F9520AECEB4001F593B /* NSString+Extensions.h in Headers */,
				B623DA7020AAD38C00220F3F /* UIColor+Extensions.h in Headers */,
				B6FDB1C120AFBC6C00483246 /* NSData+Extensions.h in Headers */,
				B64016F020B3B699001CDAE0 /* NSError+Extensions.h in Headers */,
				B623DA6F20AAD38C00220F3F /* UIImage+Extensions.h in Headers */,
			);
			runOnlyForDeploymentPostprocessing = 0;
		};
/* End PBXHeadersBuildPhase section */

/* Begin PBXNativeTarget section */
		B6FA0AC220A984EF000CECA0 /* CCToolKit */ = {
			isa = PBXNativeTarget;
			buildConfigurationList = B6FA0AD720A984EF000CECA0 /* Build configuration list for PBXNativeTarget "CCToolKit" */;
			buildPhases = (
				B6FA0ABE20A984EF000CECA0 /* Sources */,
				B6FA0ABF20A984EF000CECA0 /* Frameworks */,
				B6FA0AC020A984EF000CECA0 /* Headers */,
				B6FA0AC120A984EF000CECA0 /* Resources */,
			);
			buildRules = (
			);
			dependencies = (
			);
			name = CCToolKit;
			productName = CCToolKit;
			productReference = B6C0401320B9517F002A7ED0 /* CCToolKit.framework */;
			productType = "com.apple.product-type.framework";
		};
		B6FA0ACB20A984EF000CECA0 /* CCToolKitTests */ = {
			isa = PBXNativeTarget;
			buildConfigurationList = B6FA0ADA20A984EF000CECA0 /* Build configuration list for PBXNativeTarget "CCToolKitTests" */;
			buildPhases = (
				B6FA0AC820A984EF000CECA0 /* Sources */,
				B6FA0AC920A984EF000CECA0 /* Frameworks */,
				B6FA0ACA20A984EF000CECA0 /* Resources */,
			);
			buildRules = (
			);
			dependencies = (
				B6FA0ACF20A984EF000CECA0 /* PBXTargetDependency */,
			);
			name = CCToolKitTests;
			productName = CCToolKitTests;
			productReference = B6C0401420B9517F002A7ED0 /* CCToolKitTests.xctest */;
			productType = "com.apple.product-type.bundle.unit-test";
		};
/* End PBXNativeTarget section */

/* Begin PBXProject section */
		B6FA0ABA20A984EF000CECA0 /* Project object */ = {
			isa = PBXProject;
			attributes = {
				LastUpgradeCheck = 0930;
				ORGANIZATIONNAME = Harry_L;
				TargetAttributes = {
					B6C0400620B94F2B002A7ED0 = {
						CreatedOnToolsVersion = 9.3.1;
						ProvisioningStyle = Automatic;
					};
					B6FA0AC220A984EF000CECA0 = {
						CreatedOnToolsVersion = 9.2;
						ProvisioningStyle = Automatic;
					};
					B6FA0ACB20A984EF000CECA0 = {
						CreatedOnToolsVersion = 9.2;
						ProvisioningStyle = Automatic;
					};
				};
			};
			buildConfigurationList = B6FA0ABD20A984EF000CECA0 /* Build configuration list for PBXProject "CCToolKit" */;
			compatibilityVersion = "Xcode 8.0";
			developmentRegion = en;
			hasScannedForEncodings = 0;
			knownRegions = (
				en,
			);
			mainGroup = B6FA0AB920A984EF000CECA0;
			productRefGroup = B6FA0AB920A984EF000CECA0;
			projectDirPath = "";
			projectRoot = "";
			targets = (
				B6FA0AC220A984EF000CECA0 /* CCToolKit */,
				B6FA0ACB20A984EF000CECA0 /* CCToolKitTests */,
				B6C0400620B94F2B002A7ED0 /* CCToolKits */,
			);
		};
/* End PBXProject section */

/* Begin PBXResourcesBuildPhase section */
		B6FA0AC120A984EF000CECA0 /* Resources */ = {
			isa = PBXResourcesBuildPhase;
			buildActionMask = 2147483647;
			files = (
			);
			runOnlyForDeploymentPostprocessing = 0;
		};
		B6FA0ACA20A984EF000CECA0 /* Resources */ = {
			isa = PBXResourcesBuildPhase;
			buildActionMask = 2147483647;
			files = (
			);
			runOnlyForDeploymentPostprocessing = 0;
		};
/* End PBXResourcesBuildPhase section */

/* Begin PBXShellScriptBuildPhase section */
		B6C0400A20B94F32002A7ED0 /* ShellScript */ = {
			isa = PBXShellScriptBuildPhase;
			buildActionMask = 2147483647;
			files = (
			);
			inputPaths = (
			);
			outputPaths = (
			);
			runOnlyForDeploymentPostprocessing = 0;
			shellPath = /bin/sh;
			shellScript = "# Sets the target folders and the final framework product.\n# 如果工程名称和Framework的Target名称不一样的话，要自定义FMKNAME\n# 例如: FMK_NAME = \"MyFramework\"\nFMK_NAME=${PROJECT_NAME}\n# Install dir will be the final output to the framework.\n# The following line create it in the root folder of the current project.\nINSTALL_DIR=${SRCROOT}/Products/${FMK_NAME}.framework\n# Working dir will be deleted after the framework creation.\nWRK_DIR=build\nDEVICE_DIR=${WRK_DIR}/Release-iphoneos/${FMK_NAME}.framework\nSIMULATOR_DIR=${WRK_DIR}/Release-iphonesimulator/${FMK_NAME}.framework\n# -configuration ${CONFIGURATION}\n# Clean and Building both architectures.\nxcodebuild -configuration \"Release\" -target \"${FMK_NAME}\" -sdk iphoneos clean build\nxcodebuild -configuration \"Release\" -target \"${FMK_NAME}\" -sdk iphonesimulator clean build\n# Cleaning the oldest.\nif [ -d \"${INSTALL_DIR}\" ]\nthen\nrm -rf \"${INSTALL_DIR}\"\nfi\nmkdir -p \"${INSTALL_DIR}\"\ncp -R \"${DEVICE_DIR}/\" \"${INSTALL_DIR}/\"\n# Uses the Lipo Tool to merge both binary files (i386 + armv6/armv7) into one Universal final product.\nlipo -create \"${DEVICE_DIR}/${FMK_NAME}\" \"${SIMULATOR_DIR}/${FMK_NAME}\" -output \"${INSTALL_DIR}/${FMK_NAME}\"\nrm -r \"${WRK_DIR}\"\nopen \"${INSTALL_DIR}\"";
		};
/* End PBXShellScriptBuildPhase section */

/* Begin PBXSourcesBuildPhase section */
		B6FA0ABE20A984EF000CECA0 /* Sources */ = {
			isa = PBXSourcesBuildPhase;
			buildActionMask = 2147483647;
			files = (
				B60E6F9620AECEB4001F593B /* NSString+Extensions.m in Sources */,
				B6C03FFC20B94879002A7ED0 /* NSError+CommonCrypto.m in Sources */,
				B690F9FE20AD736D00D3D086 /* CCFileManager.m in Sources */,
				B64016F120B3B699001CDAE0 /* NSError+Extensions.m in Sources */,
				B623DA7120AAD38C00220F3F /* UIImage+Extensions.m in Sources */,
				B6FDB1C220AFBC6C00483246 /* NSData+Extensions.m in Sources */,
				B623DA7A20AAD3D700220F3F /* CCVersion.m in Sources */,
				B6C0400220B94CDE002A7ED0 /* CCSoftwareManager.m in Sources */,
				B623DA6E20AAD38C00220F3F /* UIColor+Extensions.m in Sources */,
			);
			runOnlyForDeploymentPostprocessing = 0;
		};
		B6FA0AC820A984EF000CECA0 /* Sources */ = {
			isa = PBXSourcesBuildPhase;
			buildActionMask = 2147483647;
			files = (
				B6FA0AD220A984EF000CECA0 /* CCToolKitTests.m in Sources */,
			);
			runOnlyForDeploymentPostprocessing = 0;
		};
/* End PBXSourcesBuildPhase section */

/* Begin PBXTargetDependency section */
		B6C0400C20B94FD0002A7ED0 /* PBXTargetDependency */ = {
			isa = PBXTargetDependency;
			target = B6FA0AC220A984EF000CECA0 /* CCToolKit */;
			targetProxy = B6C0400B20B94FD0002A7ED0 /* PBXContainerItemProxy */;
		};
		B6FA0ACF20A984EF000CECA0 /* PBXTargetDependency */ = {
			isa = PBXTargetDependency;
			target = B6FA0AC220A984EF000CECA0 /* CCToolKit */;
			targetProxy = B6FA0ACE20A984EF000CECA0 /* PBXContainerItemProxy */;
		};
/* End PBXTargetDependency section */

/* Begin XCBuildConfiguration section */
		B6C0400820B94F2B002A7ED0 /* Debug */ = {
			isa = XCBuildConfiguration;
			buildSettings = {
				CODE_SIGN_STYLE = Automatic;
				PRODUCT_NAME = "$(TARGET_NAME)";
			};
			name = Debug;
		};
		B6C0400920B94F2B002A7ED0 /* Release */ = {
			isa = XCBuildConfiguration;
			buildSettings = {
				CODE_SIGN_STYLE = Automatic;
				PRODUCT_NAME = "$(TARGET_NAME)";
			};
			name = Release;
		};
		B6FA0AD520A984EF000CECA0 /* Debug */ = {
			isa = XCBuildConfiguration;
			buildSettings = {
				ALWAYS_SEARCH_USER_PATHS = NO;
				CLANG_ANALYZER_NONNULL = YES;
				CLANG_ANALYZER_NUMBER_OBJECT_CONVERSION = YES_AGGRESSIVE;
				CLANG_CXX_LANGUAGE_STANDARD = "gnu++14";
				CLANG_CXX_LIBRARY = "libc++";
				CLANG_ENABLE_MODULES = YES;
				CLANG_ENABLE_OBJC_ARC = YES;
				CLANG_WARN_BLOCK_CAPTURE_AUTORELEASING = YES;
				CLANG_WARN_BOOL_CONVERSION = YES;
				CLANG_WARN_COMMA = YES;
				CLANG_WARN_CONSTANT_CONVERSION = YES;
				CLANG_WARN_DEPRECATED_OBJC_IMPLEMENTATIONS = YES;
				CLANG_WARN_DIRECT_OBJC_ISA_USAGE = YES_ERROR;
				CLANG_WARN_DOCUMENTATION_COMMENTS = YES;
				CLANG_WARN_EMPTY_BODY = YES;
				CLANG_WARN_ENUM_CONVERSION = YES;
				CLANG_WARN_INFINITE_RECURSION = YES;
				CLANG_WARN_INT_CONVERSION = YES;
				CLANG_WARN_NON_LITERAL_NULL_CONVERSION = YES;
				CLANG_WARN_OBJC_IMPLICIT_RETAIN_SELF = YES;
				CLANG_WARN_OBJC_LITERAL_CONVERSION = YES;
				CLANG_WARN_OBJC_ROOT_CLASS = YES_ERROR;
				CLANG_WARN_RANGE_LOOP_ANALYSIS = YES;
				CLANG_WARN_STRICT_PROTOTYPES = YES;
				CLANG_WARN_SUSPICIOUS_MOVE = YES;
				CLANG_WARN_UNGUARDED_AVAILABILITY = YES_AGGRESSIVE;
				CLANG_WARN_UNREACHABLE_CODE = YES;
				CLANG_WARN__DUPLICATE_METHOD_MATCH = YES;
				CODE_SIGN_IDENTITY = "iPhone Developer";
				COPY_PHASE_STRIP = NO;
				CURRENT_PROJECT_VERSION = 1;
				DEBUG_INFORMATION_FORMAT = dwarf;
				ENABLE_STRICT_OBJC_MSGSEND = YES;
				ENABLE_TESTABILITY = YES;
				GCC_C_LANGUAGE_STANDARD = gnu11;
				GCC_DYNAMIC_NO_PIC = NO;
				GCC_NO_COMMON_BLOCKS = YES;
				GCC_OPTIMIZATION_LEVEL = 0;
				GCC_PREPROCESSOR_DEFINITIONS = (
					"DEBUG=1",
					"$(inherited)",
				);
				GCC_WARN_64_TO_32_BIT_CONVERSION = YES;
				GCC_WARN_ABOUT_RETURN_TYPE = YES_ERROR;
				GCC_WARN_UNDECLARED_SELECTOR = YES;
				GCC_WARN_UNINITIALIZED_AUTOS = YES_AGGRESSIVE;
				GCC_WARN_UNUSED_FUNCTION = YES;
				GCC_WARN_UNUSED_VARIABLE = YES;
				IPHONEOS_DEPLOYMENT_TARGET = 11.2;
				MTL_ENABLE_DEBUG_INFO = YES;
				ONLY_ACTIVE_ARCH = YES;
				SDKROOT = iphoneos;
				VERSIONING_SYSTEM = "apple-generic";
				VERSION_INFO_PREFIX = "";
			};
			name = Debug;
		};
		B6FA0AD620A984EF000CECA0 /* Release */ = {
			isa = XCBuildConfiguration;
			buildSettings = {
				ALWAYS_SEARCH_USER_PATHS = NO;
				CLANG_ANALYZER_NONNULL = YES;
				CLANG_ANALYZER_NUMBER_OBJECT_CONVERSION = YES_AGGRESSIVE;
				CLANG_CXX_LANGUAGE_STANDARD = "gnu++14";
				CLANG_CXX_LIBRARY = "libc++";
				CLANG_ENABLE_MODULES = YES;
				CLANG_ENABLE_OBJC_ARC = YES;
				CLANG_WARN_BLOCK_CAPTURE_AUTORELEASING = YES;
				CLANG_WARN_BOOL_CONVERSION = YES;
				CLANG_WARN_COMMA = YES;
				CLANG_WARN_CONSTANT_CONVERSION = YES;
				CLANG_WARN_DEPRECATED_OBJC_IMPLEMENTATIONS = YES;
				CLANG_WARN_DIRECT_OBJC_ISA_USAGE = YES_ERROR;
				CLANG_WARN_DOCUMENTATION_COMMENTS = YES;
				CLANG_WARN_EMPTY_BODY = YES;
				CLANG_WARN_ENUM_CONVERSION = YES;
				CLANG_WARN_INFINITE_RECURSION = YES;
				CLANG_WARN_INT_CONVERSION = YES;
				CLANG_WARN_NON_LITERAL_NULL_CONVERSION = YES;
				CLANG_WARN_OBJC_IMPLICIT_RETAIN_SELF = YES;
				CLANG_WARN_OBJC_LITERAL_CONVERSION = YES;
				CLANG_WARN_OBJC_ROOT_CLASS = YES_ERROR;
				CLANG_WARN_RANGE_LOOP_ANALYSIS = YES;
				CLANG_WARN_STRICT_PROTOTYPES = YES;
				CLANG_WARN_SUSPICIOUS_MOVE = YES;
				CLANG_WARN_UNGUARDED_AVAILABILITY = YES_AGGRESSIVE;
				CLANG_WARN_UNREACHABLE_CODE = YES;
				CLANG_WARN__DUPLICATE_METHOD_MATCH = YES;
				CODE_SIGN_IDENTITY = "iPhone Developer";
				COPY_PHASE_STRIP = NO;
				CURRENT_PROJECT_VERSION = 1;
				DEBUG_INFORMATION_FORMAT = "dwarf-with-dsym";
				ENABLE_NS_ASSERTIONS = NO;
				ENABLE_STRICT_OBJC_MSGSEND = YES;
				GCC_C_LANGUAGE_STANDARD = gnu11;
				GCC_NO_COMMON_BLOCKS = YES;
				GCC_WARN_64_TO_32_BIT_CONVERSION = YES;
				GCC_WARN_ABOUT_RETURN_TYPE = YES_ERROR;
				GCC_WARN_UNDECLARED_SELECTOR = YES;
				GCC_WARN_UNINITIALIZED_AUTOS = YES_AGGRESSIVE;
				GCC_WARN_UNUSED_FUNCTION = YES;
				GCC_WARN_UNUSED_VARIABLE = YES;
				IPHONEOS_DEPLOYMENT_TARGET = 11.2;
				MTL_ENABLE_DEBUG_INFO = NO;
				SDKROOT = iphoneos;
				VALIDATE_PRODUCT = YES;
				VERSIONING_SYSTEM = "apple-generic";
				VERSION_INFO_PREFIX = "";
			};
			name = Release;
		};
		B6FA0AD820A984EF000CECA0 /* Debug */ = {
			isa = XCBuildConfiguration;
			buildSettings = {
				CLANG_ALLOW_NON_MODULAR_INCLUDES_IN_FRAMEWORK_MODULES = YES;
				CODE_SIGN_IDENTITY = "";
				CODE_SIGN_STYLE = Automatic;
				DEAD_CODE_STRIPPING = NO;
				DEFINES_MODULE = YES;
				DYLIB_COMPATIBILITY_VERSION = 1;
				DYLIB_CURRENT_VERSION = 1;
				DYLIB_INSTALL_NAME_BASE = "@rpath";
				INFOPLIST_FILE = CCToolKit/Info.plist;
				INSTALL_PATH = "$(LOCAL_LIBRARY_DIR)/Frameworks";
				IPHONEOS_DEPLOYMENT_TARGET = 8.0;
				LD_RUNPATH_SEARCH_PATHS = "$(inherited) @executable_path/Frameworks @loader_path/Frameworks";
				LINK_WITH_STANDARD_LIBRARIES = NO;
				MACH_O_TYPE = staticlib;
				ONLY_ACTIVE_ARCH = NO;
				PRODUCT_BUNDLE_IDENTIFIER = com.freedom.CCToolKit;
				PRODUCT_NAME = "$(TARGET_NAME:c99extidentifier)";
				SKIP_INSTALL = YES;
				TARGETED_DEVICE_FAMILY = "1,2";
			};
			name = Debug;
		};
		B6FA0AD920A984EF000CECA0 /* Release */ = {
			isa = XCBuildConfiguration;
			buildSettings = {
				CLANG_ALLOW_NON_MODULAR_INCLUDES_IN_FRAMEWORK_MODULES = YES;
				CODE_SIGN_IDENTITY = "";
				CODE_SIGN_STYLE = Automatic;
				DEAD_CODE_STRIPPING = NO;
				DEFINES_MODULE = YES;
				DYLIB_COMPATIBILITY_VERSION = 1;
				DYLIB_CURRENT_VERSION = 1;
				DYLIB_INSTALL_NAME_BASE = "@rpath";
				INFOPLIST_FILE = CCToolKit/Info.plist;
				INSTALL_PATH = "$(LOCAL_LIBRARY_DIR)/Frameworks";
				IPHONEOS_DEPLOYMENT_TARGET = 8.0;
				LD_RUNPATH_SEARCH_PATHS = "$(inherited) @executable_path/Frameworks @loader_path/Frameworks";
				LINK_WITH_STANDARD_LIBRARIES = NO;
				MACH_O_TYPE = staticlib;
				ONLY_ACTIVE_ARCH = NO;
				PRODUCT_BUNDLE_IDENTIFIER = com.freedom.CCToolKit;
				PRODUCT_NAME = "$(TARGET_NAME:c99extidentifier)";
				SKIP_INSTALL = YES;
				TARGETED_DEVICE_FAMILY = "1,2";
			};
			name = Release;
		};
		B6FA0ADB20A984EF000CECA0 /* Debug */ = {
			isa = XCBuildConfiguration;
			buildSettings = {
				CODE_SIGN_STYLE = Automatic;
				INFOPLIST_FILE = CCToolKitTests/Info.plist;
				LD_RUNPATH_SEARCH_PATHS = "$(inherited) @executable_path/Frameworks @loader_path/Frameworks";
				PRODUCT_BUNDLE_IDENTIFIER = com.freedom.CCToolKitTests;
				PRODUCT_NAME = "$(TARGET_NAME)";
				TARGETED_DEVICE_FAMILY = "1,2";
			};
			name = Debug;
		};
		B6FA0ADC20A984EF000CECA0 /* Release */ = {
			isa = XCBuildConfiguration;
			buildSettings = {
				CODE_SIGN_STYLE = Automatic;
				INFOPLIST_FILE = CCToolKitTests/Info.plist;
				LD_RUNPATH_SEARCH_PATHS = "$(inherited) @executable_path/Frameworks @loader_path/Frameworks";
				PRODUCT_BUNDLE_IDENTIFIER = com.freedom.CCToolKitTests;
				PRODUCT_NAME = "$(TARGET_NAME)";
				TARGETED_DEVICE_FAMILY = "1,2";
			};
			name = Release;
		};
/* End XCBuildConfiguration section */

/* Begin XCConfigurationList section */
		B6C0400720B94F2B002A7ED0 /* Build configuration list for PBXAggregateTarget "CCToolKits" */ = {
			isa = XCConfigurationList;
			buildConfigurations = (
				B6C0400820B94F2B002A7ED0 /* Debug */,
				B6C0400920B94F2B002A7ED0 /* Release */,
			);
			defaultConfigurationIsVisible = 0;
			defaultConfigurationName = Release;
		};
		B6FA0ABD20A984EF000CECA0 /* Build configuration list for PBXProject "CCToolKit" */ = {
			isa = XCConfigurationList;
			buildConfigurations = (
				B6FA0AD520A984EF000CECA0 /* Debug */,
				B6FA0AD620A984EF000CECA0 /* Release */,
			);
			defaultConfigurationIsVisible = 0;
			defaultConfigurationName = Release;
		};
		B6FA0AD720A984EF000CECA0 /* Build configuration list for PBXNativeTarget "CCToolKit" */ = {
			isa = XCConfigurationList;
			buildConfigurations = (
				B6FA0AD820A984EF000CECA0 /* Debug */,
				B6FA0AD920A984EF000CECA0 /* Release */,
			);
			defaultConfigurationIsVisible = 0;
			defaultConfigurationName = Release;
		};
		B6FA0ADA20A984EF000CECA0 /* Build configuration list for PBXNativeTarget "CCToolKitTests" */ = {
			isa = XCConfigurationList;
			buildConfigurations = (
				B6FA0ADB20A984EF000CECA0 /* Debug */,
				B6FA0ADC20A984EF000CECA0 /* Release */,
			);
			defaultConfigurationIsVisible = 0;
			defaultConfigurationName = Release;
		};
/* End XCConfigurationList section */
	};
	rootObject = B6FA0ABA20A984EF000CECA0 /* Project object */;
}
