// !$*UTF8*$!
{
	archiveVersion = 1;
	classes = {
	};
	objectVersion = 48;
	objects = {

/* Begin PBXAggregateTarget section */
		B6C0400620B94F2B002A7ED0 /* CCToolKits */ = {
			isa = PBXAggregateTarget;
			buildConfigurationList = B6C0400720B94F2B002A7ED0 /* Build configuration list for PBXAggregateTarget "CCToolKits" */;
			buildPhases = (
				B6C0400A20B94F32002A7ED0 /* ShellScript */,
			);
			dependencies = (
				B6C0400C20B94FD0002A7ED0 /* PBXTargetDependency */,
			);
			name = CCToolKits;
			productName = CCToolKits;
		};
/* End PBXAggregateTarget section */

/* Begin PBXBuildFile section */
		B623DA7720AAD3D700220F3F /* CCVersion.h in Headers */ = {isa = PBXBuildFile; fileRef = B623DA7320AAD3D700220F3F /* CCVersion.h */; settings = {ATTRIBUTES = (Public, ); }; };
		B623DA7A20AAD3D700220F3F /* CCVersion.m in Sources */ = {isa = PBXBuildFile; fileRef = B623DA7620AAD3D700220F3F /* CCVersion.m */; };
		B635B4622109A55900E4C0E2 /* CCKeyChain.h in Headers */ = {isa = PBXBuildFile; fileRef = B635B4602109A55900E4C0E2 /* CCKeyChain.h */; };
		B635B4632109A55900E4C0E2 /* CCKeyChain.m in Sources */ = {isa = PBXBuildFile; fileRef = B635B4612109A55900E4C0E2 /* CCKeyChain.m */; };
		B6638B8E2102F94A007397A4 /* CCCategory.h in Headers */ = {isa = PBXBuildFile; fileRef = B66687EB20DE013E008EDB9E /* CCCategory.h */; settings = {ATTRIBUTES = (Public, ); }; };
		B66687D120DDFFE6008EDB9E /* UIColor+Extensions.m in Sources */ = {isa = PBXBuildFile; fileRef = B66687BA20DDFFE6008EDB9E /* UIColor+Extensions.m */; };
		B66687D220DDFFE6008EDB9E /* UIView+Extensions.m in Sources */ = {isa = PBXBuildFile; fileRef = B66687BB20DDFFE6008EDB9E /* UIView+Extensions.m */; };
		B66687D320DDFFE6008EDB9E /* UIImage+Extensions.h in Headers */ = {isa = PBXBuildFile; fileRef = B66687BC20DDFFE6008EDB9E /* UIImage+Extensions.h */; };
		B66687D420DDFFE6008EDB9E /* UIView+Extensions.h in Headers */ = {isa = PBXBuildFile; fileRef = B66687BD20DDFFE6008EDB9E /* UIView+Extensions.h */; };
		B66687D520DDFFE6008EDB9E /* UIColor+Extensions.h in Headers */ = {isa = PBXBuildFile; fileRef = B66687BE20DDFFE6008EDB9E /* UIColor+Extensions.h */; };
		B66687D620DDFFE6008EDB9E /* UIImage+Extensions.m in Sources */ = {isa = PBXBuildFile; fileRef = B66687BF20DDFFE6008EDB9E /* UIImage+Extensions.m */; };
		B66687D720DDFFE6008EDB9E /* NSNumber+Extensions.h in Headers */ = {isa = PBXBuildFile; fileRef = B66687C120DDFFE6008EDB9E /* NSNumber+Extensions.h */; };
		B66687D820DDFFE6008EDB9E /* NSDate+Extensions.m in Sources */ = {isa = PBXBuildFile; fileRef = B66687C220DDFFE6008EDB9E /* NSDate+Extensions.m */; };
		B66687D920DDFFE6008EDB9E /* NSData+Extensions.h in Headers */ = {isa = PBXBuildFile; fileRef = B66687C320DDFFE6008EDB9E /* NSData+Extensions.h */; };
		B66687DA20DDFFE6008EDB9E /* NSHTTPCookie+Extensions.h in Headers */ = {isa = PBXBuildFile; fileRef = B66687C420DDFFE6008EDB9E /* NSHTTPCookie+Extensions.h */; };
		B66687DB20DDFFE6008EDB9E /* NSError+Extensions.h in Headers */ = {isa = PBXBuildFile; fileRef = B66687C520DDFFE6008EDB9E /* NSError+Extensions.h */; };
		B66687DC20DDFFE6008EDB9E /* NSArray+Extensions.h in Headers */ = {isa = PBXBuildFile; fileRef = B66687C620DDFFE6008EDB9E /* NSArray+Extensions.h */; };
		B66687DD20DDFFE6008EDB9E /* NSString+Extensions.h in Headers */ = {isa = PBXBuildFile; fileRef = B66687C720DDFFE6008EDB9E /* NSString+Extensions.h */; };
		B66687DE20DDFFE6008EDB9E /* NSDictionary+Extensions.h in Headers */ = {isa = PBXBuildFile; fileRef = B66687C820DDFFE6008EDB9E /* NSDictionary+Extensions.h */; };
		B66687DF20DDFFE6008EDB9E /* NSDate+Extensions.h in Headers */ = {isa = PBXBuildFile; fileRef = B66687C920DDFFE6008EDB9E /* NSDate+Extensions.h */; };
		B66687E020DDFFE6008EDB9E /* NSNumber+Extensions.m in Sources */ = {isa = PBXBuildFile; fileRef = B66687CA20DDFFE6008EDB9E /* NSNumber+Extensions.m */; };
		B66687E120DDFFE6008EDB9E /* NSHTTPCookie+Extensions.m in Sources */ = {isa = PBXBuildFile; fileRef = B66687CB20DDFFE6008EDB9E /* NSHTTPCookie+Extensions.m */; };
		B66687E220DDFFE6008EDB9E /* NSData+Extensions.m in Sources */ = {isa = PBXBuildFile; fileRef = B66687CC20DDFFE6008EDB9E /* NSData+Extensions.m */; };
		B66687E320DDFFE6008EDB9E /* NSDictionary+Extensions.m in Sources */ = {isa = PBXBuildFile; fileRef = B66687CD20DDFFE6008EDB9E /* NSDictionary+Extensions.m */; };
		B66687E420DDFFE6008EDB9E /* NSString+Extensions.m in Sources */ = {isa = PBXBuildFile; fileRef = B66687CE20DDFFE6008EDB9E /* NSString+Extensions.m */; };
		B66687E520DDFFE6008EDB9E /* NSArray+Extensions.m in Sources */ = {isa = PBXBuildFile; fileRef = B66687CF20DDFFE6008EDB9E /* NSArray+Extensions.m */; };
		B66687E620DDFFE6008EDB9E /* NSError+Extensions.m in Sources */ = {isa = PBXBuildFile; fileRef = B66687D020DDFFE6008EDB9E /* NSError+Extensions.m */; };
		B67E50DE20D61A030007E4E8 /* CCXMLDictionaryParser.h in Headers */ = {isa = PBXBuildFile; fileRef = B67E50DC20D61A030007E4E8 /* CCXMLDictionaryParser.h */; settings = {ATTRIBUTES = (Public, ); }; };
		B67E50DF20D61A030007E4E8 /* CCXMLDictionaryParser.m in Sources */ = {isa = PBXBuildFile; fileRef = B67E50DD20D61A030007E4E8 /* CCXMLDictionaryParser.m */; };
		B690F9FE20AD736D00D3D086 /* CCFileManager.m in Sources */ = {isa = PBXBuildFile; fileRef = B690F9FC20AD736C00D3D086 /* CCFileManager.m */; };
		B690F9FF20AD736D00D3D086 /* CCFileManager.h in Headers */ = {isa = PBXBuildFile; fileRef = B690F9FD20AD736C00D3D086 /* CCFileManager.h */; settings = {ATTRIBUTES = (Public, ); }; };
		B6A7757320F9D1C3000E34F3 /* NSObject+Extensions.h in Headers */ = {isa = PBXBuildFile; fileRef = B6A7757120F9D1C3000E34F3 /* NSObject+Extensions.h */; };
		B6A7757420F9D1C3000E34F3 /* NSObject+Extensions.m in Sources */ = {isa = PBXBuildFile; fileRef = B6A7757220F9D1C3000E34F3 /* NSObject+Extensions.m */; };
		B6C0400120B94CDE002A7ED0 /* CCSoftwareManager.h in Headers */ = {isa = PBXBuildFile; fileRef = B6C03FFF20B94CDE002A7ED0 /* CCSoftwareManager.h */; settings = {ATTRIBUTES = (Public, ); }; };
		B6C0400220B94CDE002A7ED0 /* CCSoftwareManager.m in Sources */ = {isa = PBXBuildFile; fileRef = B6C0400020B94CDE002A7ED0 /* CCSoftwareManager.m */; };
		B6D0C01B20E773ED0081CFBB /* WKWebView+Extensions.h in Headers */ = {isa = PBXBuildFile; fileRef = B6D0C01920E773ED0081CFBB /* WKWebView+Extensions.h */; };
		B6D0C01C20E773ED0081CFBB /* WKWebView+Extensions.m in Sources */ = {isa = PBXBuildFile; fileRef = B6D0C01A20E773ED0081CFBB /* WKWebView+Extensions.m */; };
		B6D0C02020E774F70081CFBB /* WebKit.framework in Frameworks */ = {isa = PBXBuildFile; fileRef = B6D0C01F20E774F70081CFBB /* WebKit.framework */; };
		B6D0C02420E777500081CFBB /* NSHTTPCookieStorage+Extensions.h in Headers */ = {isa = PBXBuildFile; fileRef = B6D0C02220E777500081CFBB /* NSHTTPCookieStorage+Extensions.h */; };
		B6D0C02520E777500081CFBB /* NSHTTPCookieStorage+Extensions.m in Sources */ = {isa = PBXBuildFile; fileRef = B6D0C02320E777500081CFBB /* NSHTTPCookieStorage+Extensions.m */; };
		B6FA0AD220A984EF000CECA0 /* CCToolKitTests.m in Sources */ = {isa = PBXBuildFile; fileRef = B6FA0AD120A984EF000CECA0 /* CCToolKitTests.m */; };
		B6FA0AD420A984EF000CECA0 /* CCToolKit.h in Headers */ = {isa = PBXBuildFile; fileRef = B6FA0AC620A984EF000CECA0 /* CCToolKit.h */; settings = {ATTRIBUTES = (Public, ); }; };
		B6FEA83F2106D0F200D25F01 /* UIAlertView+Extensions.h in Headers */ = {isa = PBXBuildFile; fileRef = B6FEA83D2106D0F200D25F01 /* UIAlertView+Extensions.h */; };
		B6FEA8402106D0F200D25F01 /* UIAlertView+Extensions.m in Sources */ = {isa = PBXBuildFile; fileRef = B6FEA83E2106D0F200D25F01 /* UIAlertView+Extensions.m */; };
/* End PBXBuildFile section */

/* Begin PBXContainerItemProxy section */
		B6C0400B20B94FD0002A7ED0 /* PBXContainerItemProxy */ = {
			isa = PBXContainerItemProxy;
			containerPortal = B6FA0ABA20A984EF000CECA0 /* Project object */;
			proxyType = 1;
			remoteGlobalIDString = B6FA0AC220A984EF000CECA0;
			remoteInfo = CCToolKit;
		};
		B6FA0ACE20A984EF000CECA0 /* PBXContainerItemProxy */ = {
			isa = PBXContainerItemProxy;
			containerPortal = B6FA0ABA20A984EF000CECA0 /* Project object */;
			proxyType = 1;
			remoteGlobalIDString = B6FA0AC220A984EF000CECA0;
			remoteInfo = CCToolKit;
		};
/* End PBXContainerItemProxy section */

/* Begin PBXFileReference section */
		B623DA7320AAD3D700220F3F /* CCVersion.h */ = {isa = PBXFileReference; fileEncoding = 4; lastKnownFileType = sourcecode.c.h; path = CCVersion.h; sourceTree = "<group>"; };
		B623DA7620AAD3D700220F3F /* CCVersion.m */ = {isa = PBXFileReference; fileEncoding = 4; lastKnownFileType = sourcecode.c.objc; path = CCVersion.m; sourceTree = "<group>"; };
		B635B4602109A55900E4C0E2 /* CCKeyChain.h */ = {isa = PBXFileReference; lastKnownFileType = sourcecode.c.h; path = CCKeyChain.h; sourceTree = "<group>"; };
		B635B4612109A55900E4C0E2 /* CCKeyChain.m */ = {isa = PBXFileReference; lastKnownFileType = sourcecode.c.objc; path = CCKeyChain.m; sourceTree = "<group>"; };
		B66687BA20DDFFE6008EDB9E /* UIColor+Extensions.m */ = {isa = PBXFileReference; fileEncoding = 4; lastKnownFileType = sourcecode.c.objc; path = "UIColor+Extensions.m"; sourceTree = "<group>"; };
		B66687BB20DDFFE6008EDB9E /* UIView+Extensions.m */ = {isa = PBXFileReference; fileEncoding = 4; lastKnownFileType = sourcecode.c.objc; path = "UIView+Extensions.m"; sourceTree = "<group>"; };
		B66687BC20DDFFE6008EDB9E /* UIImage+Extensions.h */ = {isa = PBXFileReference; fileEncoding = 4; lastKnownFileType = sourcecode.c.h; path = "UIImage+Extensions.h"; sourceTree = "<group>"; };
		B66687BD20DDFFE6008EDB9E /* UIView+Extensions.h */ = {isa = PBXFileReference; fileEncoding = 4; lastKnownFileType = sourcecode.c.h; path = "UIView+Extensions.h"; sourceTree = "<group>"; };
		B66687BE20DDFFE6008EDB9E /* UIColor+Extensions.h */ = {isa = PBXFileReference; fileEncoding = 4; lastKnownFileType = sourcecode.c.h; path = "UIColor+Extensions.h"; sourceTree = "<group>"; };
		B66687BF20DDFFE6008EDB9E /* UIImage+Extensions.m */ = {isa = PBXFileReference; fileEncoding = 4; lastKnownFileType = sourcecode.c.objc; path = "UIImage+Extensions.m"; sourceTree = "<group>"; };
		B66687C120DDFFE6008EDB9E /* NSNumber+Extensions.h */ = {isa = PBXFileReference; fileEncoding = 4; lastKnownFileType = sourcecode.c.h; path = "NSNumber+Extensions.h"; sourceTree = "<group>"; };
		B66687C220DDFFE6008EDB9E /* NSDate+Extensions.m */ = {isa = PBXFileReference; fileEncoding = 4; lastKnownFileType = sourcecode.c.objc; path = "NSDate+Extensions.m"; sourceTree = "<group>"; };
		B66687C320DDFFE6008EDB9E /* NSData+Extensions.h */ = {isa = PBXFileReference; fileEncoding = 4; lastKnownFileType = sourcecode.c.h; path = "NSData+Extensions.h"; sourceTree = "<group>"; };
		B66687C420DDFFE6008EDB9E /* NSHTTPCookie+Extensions.h */ = {isa = PBXFileReference; fileEncoding = 4; lastKnownFileType = sourcecode.c.h; path = "NSHTTPCookie+Extensions.h"; sourceTree = "<group>"; };
		B66687C520DDFFE6008EDB9E /* NSError+Extensions.h */ = {isa = PBXFileReference; fileEncoding = 4; lastKnownFileType = sourcecode.c.h; path = "NSError+Extensions.h"; sourceTree = "<group>"; };
		B66687C620DDFFE6008EDB9E /* NSArray+Extensions.h */ = {isa = PBXFileReference; fileEncoding = 4; lastKnownFileType = sourcecode.c.h; path = "NSArray+Extensions.h"; sourceTree = "<group>"; };
		B66687C720DDFFE6008EDB9E /* NSString+Extensions.h */ = {isa = PBXFileReference; fileEncoding = 4; lastKnownFileType = sourcecode.c.h; path = "NSString+Extensions.h"; sourceTree = "<group>"; };
		B66687C820DDFFE6008EDB9E /* NSDictionary+Extensions.h */ = {isa = PBXFileReference; fileEncoding = 4; lastKnownFileType = sourcecode.c.h; path = "NSDictionary+Extensions.h"; sourceTree = "<group>"; };
		B66687C920DDFFE6008EDB9E /* NSDate+Extensions.h */ = {isa = PBXFileReference; fileEncoding = 4; lastKnownFileType = sourcecode.c.h; path = "NSDate+Extensions.h"; sourceTree = "<group>"; };
		B66687CA20DDFFE6008EDB9E /* NSNumber+Extensions.m */ = {isa = PBXFileReference; fileEncoding = 4; lastKnownFileType = sourcecode.c.objc; path = "NSNumber+Extensions.m"; sourceTree = "<group>"; };
		B66687CB20DDFFE6008EDB9E /* NSHTTPCookie+Extensions.m */ = {isa = PBXFileReference; fileEncoding = 4; lastKnownFileType = sourcecode.c.objc; path = "NSHTTPCookie+Extensions.m"; sourceTree = "<group>"; };
		B66687CC20DDFFE6008EDB9E /* NSData+Extensions.m */ = {isa = PBXFileReference; fileEncoding = 4; lastKnownFileType = sourcecode.c.objc; path = "NSData+Extensions.m"; sourceTree = "<group>"; };
		B66687CD20DDFFE6008EDB9E /* NSDictionary+Extensions.m */ = {isa = PBXFileReference; fileEncoding = 4; lastKnownFileType = sourcecode.c.objc; path = "NSDictionary+Extensions.m"; sourceTree = "<group>"; };
		B66687CE20DDFFE6008EDB9E /* NSString+Extensions.m */ = {isa = PBXFileReference; fileEncoding = 4; lastKnownFileType = sourcecode.c.objc; path = "NSString+Extensions.m"; sourceTree = "<group>"; };
		B66687CF20DDFFE6008EDB9E /* NSArray+Extensions.m */ = {isa = PBXFileReference; fileEncoding = 4; lastKnownFileType = sourcecode.c.objc; path = "NSArray+Extensions.m"; sourceTree = "<group>"; };
		B66687D020DDFFE6008EDB9E /* NSError+Extensions.m */ = {isa = PBXFileReference; fileEncoding = 4; lastKnownFileType = sourcecode.c.objc; path = "NSError+Extensions.m"; sourceTree = "<group>"; };
		B66687EB20DE013E008EDB9E /* CCCategory.h */ = {isa = PBXFileReference; lastKnownFileType = sourcecode.c.h; path = CCCategory.h; sourceTree = "<group>"; };
		B67E50DC20D61A030007E4E8 /* CCXMLDictionaryParser.h */ = {isa = PBXFileReference; lastKnownFileType = sourcecode.c.h; path = CCXMLDictionaryParser.h; sourceTree = "<group>"; };
		B67E50DD20D61A030007E4E8 /* CCXMLDictionaryParser.m */ = {isa = PBXFileReference; lastKnownFileType = sourcecode.c.objc; path = CCXMLDictionaryParser.m; sourceTree = "<group>"; };
		B690F9FC20AD736C00D3D086 /* CCFileManager.m */ = {isa = PBXFileReference; fileEncoding = 4; lastKnownFileType = sourcecode.c.objc; path = CCFileManager.m; sourceTree = "<group>"; };
		B690F9FD20AD736C00D3D086 /* CCFileManager.h */ = {isa = PBXFileReference; fileEncoding = 4; lastKnownFileType = sourcecode.c.h; path = CCFileManager.h; sourceTree = "<group>"; };
		B6A7757120F9D1C3000E34F3 /* NSObject+Extensions.h */ = {isa = PBXFileReference; lastKnownFileType = sourcecode.c.h; path = "NSObject+Extensions.h"; sourceTree = "<group>"; };
		B6A7757220F9D1C3000E34F3 /* NSObject+Extensions.m */ = {isa = PBXFileReference; lastKnownFileType = sourcecode.c.objc; path = "NSObject+Extensions.m"; sourceTree = "<group>"; };
		B6C03FFF20B94CDE002A7ED0 /* CCSoftwareManager.h */ = {isa = PBXFileReference; lastKnownFileType = sourcecode.c.h; path = CCSoftwareManager.h; sourceTree = "<group>"; };
		B6C0400020B94CDE002A7ED0 /* CCSoftwareManager.m */ = {isa = PBXFileReference; lastKnownFileType = sourcecode.c.objc; path = CCSoftwareManager.m; sourceTree = "<group>"; };
		B6C0401320B9517F002A7ED0 /* CCToolKit.framework */ = {isa = PBXFileReference; explicitFileType = wrapper.framework; includeInIndex = 0; path = CCToolKit.framework; sourceTree = BUILT_PRODUCTS_DIR; };
		B6C0401420B9517F002A7ED0 /* CCToolKitTests.xctest */ = {isa = PBXFileReference; explicitFileType = wrapper.cfbundle; includeInIndex = 0; path = CCToolKitTests.xctest; sourceTree = BUILT_PRODUCTS_DIR; };
		B6D0C01920E773ED0081CFBB /* WKWebView+Extensions.h */ = {isa = PBXFileReference; lastKnownFileType = sourcecode.c.h; path = "WKWebView+Extensions.h"; sourceTree = "<group>"; };
		B6D0C01A20E773ED0081CFBB /* WKWebView+Extensions.m */ = {isa = PBXFileReference; lastKnownFileType = sourcecode.c.objc; path = "WKWebView+Extensions.m"; sourceTree = "<group>"; };
		B6D0C01F20E774F70081CFBB /* WebKit.framework */ = {isa = PBXFileReference; lastKnownFileType = wrapper.framework; name = WebKit.framework; path = System/Library/Frameworks/WebKit.framework; sourceTree = SDKROOT; };
		B6D0C02220E777500081CFBB /* NSHTTPCookieStorage+Extensions.h */ = {isa = PBXFileReference; lastKnownFileType = sourcecode.c.h; name = "NSHTTPCookieStorage+Extensions.h"; path = "CCToolKit/CCCategory/Foundation+Utilities/NSHTTPCookieStorage+Extensions.h"; sourceTree = SOURCE_ROOT; };
		B6D0C02320E777500081CFBB /* NSHTTPCookieStorage+Extensions.m */ = {isa = PBXFileReference; lastKnownFileType = sourcecode.c.objc; name = "NSHTTPCookieStorage+Extensions.m"; path = "CCToolKit/CCCategory/Foundation+Utilities/NSHTTPCookieStorage+Extensions.m"; sourceTree = SOURCE_ROOT; };
		B6FA0AC620A984EF000CECA0 /* CCToolKit.h */ = {isa = PBXFileReference; lastKnownFileType = sourcecode.c.h; path = CCToolKit.h; sourceTree = "<group>"; };
		B6FA0AC720A984EF000CECA0 /* Info.plist */ = {isa = PBXFileReference; lastKnownFileType = text.plist.xml; path = Info.plist; sourceTree = "<group>"; };
		B6FA0AD120A984EF000CECA0 /* CCToolKitTests.m */ = {isa = PBXFileReference; lastKnownFileType = sourcecode.c.objc; path = CCToolKitTests.m; sourceTree = "<group>"; };
		B6FA0AD320A984EF000CECA0 /* Info.plist */ = {isa = PBXFileReference; lastKnownFileType = text.plist.xml; path = Info.plist; sourceTree = "<group>"; };
		B6FEA83D2106D0F200D25F01 /* UIAlertView+Extensions.h */ = {isa = PBXFileReference; lastKnownFileType = sourcecode.c.h; path = "UIAlertView+Extensions.h"; sourceTree = "<group>"; };
		B6FEA83E2106D0F200D25F01 /* UIAlertView+Extensions.m */ = {isa = PBXFileReference; lastKnownFileType = sourcecode.c.objc; path = "UIAlertView+Extensions.m"; sourceTree = "<group>"; };
/* End PBXFileReference section */

/* Begin PBXFrameworksBuildPhase section */
		B6FA0ABF20A984EF000CECA0 /* Frameworks */ = {
			isa = PBXFrameworksBuildPhase;
			buildActionMask = 2147483647;
			files = (
				B6D0C02020E774F70081CFBB /* WebKit.framework in Frameworks */,
			);
			runOnlyForDeploymentPostprocessing = 0;
		};
		B6FA0AC920A984EF000CECA0 /* Frameworks */ = {
			isa = PBXFrameworksBuildPhase;
			buildActionMask = 2147483647;
			files = (
			);
			runOnlyForDeploymentPostprocessing = 0;
		};
/* End PBXFrameworksBuildPhase section */

/* Begin PBXGroup section */
		B60BF8FC20AC4EB700EB3EAF /* CCStorage */ = {
			isa = PBXGroup;
			children = (
				B690F9FD20AD736C00D3D086 /* CCFileManager.h */,
				B690F9FC20AD736C00D3D086 /* CCFileManager.m */,
			);
			path = CCStorage;
			sourceTree = "<group>";
		};
		B623DA7220AAD3D700220F3F /* CCSoftwareInfo */ = {
			isa = PBXGroup;
			children = (
				B623DA7320AAD3D700220F3F /* CCVersion.h */,
				B623DA7620AAD3D700220F3F /* CCVersion.m */,
				B6C03FFF20B94CDE002A7ED0 /* CCSoftwareManager.h */,
				B6C0400020B94CDE002A7ED0 /* CCSoftwareManager.m */,
				B635B4602109A55900E4C0E2 /* CCKeyChain.h */,
				B635B4612109A55900E4C0E2 /* CCKeyChain.m */,
			);
			path = CCSoftwareInfo;
			sourceTree = "<group>";
		};
		B66687B820DDFFE6008EDB9E /* CCCategory */ = {
			isa = PBXGroup;
			children = (
				B66687EB20DE013E008EDB9E /* CCCategory.h */,
				B66687C020DDFFE6008EDB9E /* Foundation+Utilities */,
				B66687B920DDFFE6008EDB9E /* UIKit+Utilities */,
				B6D0C01D20E773F40081CFBB /* WebKit+Utilities */,
			);
			path = CCCategory;
			sourceTree = "<group>";
		};
		B66687B920DDFFE6008EDB9E /* UIKit+Utilities */ = {
			isa = PBXGroup;
			children = (
				B66687BE20DDFFE6008EDB9E /* UIColor+Extensions.h */,
				B66687BA20DDFFE6008EDB9E /* UIColor+Extensions.m */,
				B66687BD20DDFFE6008EDB9E /* UIView+Extensions.h */,
				B66687BB20DDFFE6008EDB9E /* UIView+Extensions.m */,
				B66687BC20DDFFE6008EDB9E /* UIImage+Extensions.h */,
				B66687BF20DDFFE6008EDB9E /* UIImage+Extensions.m */,
				B6FEA83D2106D0F200D25F01 /* UIAlertView+Extensions.h */,
				B6FEA83E2106D0F200D25F01 /* UIAlertView+Extensions.m */,
			);
			path = "UIKit+Utilities";
			sourceTree = "<group>";
		};
		B66687C020DDFFE6008EDB9E /* Foundation+Utilities */ = {
			isa = PBXGroup;
			children = (
				B66687C920DDFFE6008EDB9E /* NSDate+Extensions.h */,
				B66687C220DDFFE6008EDB9E /* NSDate+Extensions.m */,
				B66687C320DDFFE6008EDB9E /* NSData+Extensions.h */,
				B66687CC20DDFFE6008EDB9E /* NSData+Extensions.m */,
				B6D0C02220E777500081CFBB /* NSHTTPCookieStorage+Extensions.h */,
				B6D0C02320E777500081CFBB /* NSHTTPCookieStorage+Extensions.m */,
				B66687C420DDFFE6008EDB9E /* NSHTTPCookie+Extensions.h */,
				B66687CB20DDFFE6008EDB9E /* NSHTTPCookie+Extensions.m */,
				B66687C520DDFFE6008EDB9E /* NSError+Extensions.h */,
				B66687D020DDFFE6008EDB9E /* NSError+Extensions.m */,
				B66687C620DDFFE6008EDB9E /* NSArray+Extensions.h */,
				B66687CF20DDFFE6008EDB9E /* NSArray+Extensions.m */,
				B66687C820DDFFE6008EDB9E /* NSDictionary+Extensions.h */,
				B66687CD20DDFFE6008EDB9E /* NSDictionary+Extensions.m */,
				B66687C120DDFFE6008EDB9E /* NSNumber+Extensions.h */,
				B66687CA20DDFFE6008EDB9E /* NSNumber+Extensions.m */,
				B66687C720DDFFE6008EDB9E /* NSString+Extensions.h */,
				B66687CE20DDFFE6008EDB9E /* NSString+Extensions.m */,
				B6A7757120F9D1C3000E34F3 /* NSObject+Extensions.h */,
				B6A7757220F9D1C3000E34F3 /* NSObject+Extensions.m */,
			);
			path = "Foundation+Utilities";
			sourceTree = "<group>";
		};
		B67E50DB20D619C20007E4E8 /* CCXMLParser */ = {
			isa = PBXGroup;
			children = (
				B67E50DC20D61A030007E4E8 /* CCXMLDictionaryParser.h */,
				B67E50DD20D61A030007E4E8 /* CCXMLDictionaryParser.m */,
			);
			path = CCXMLParser;
			sourceTree = "<group>";
		};
		B6D0C01D20E773F40081CFBB /* WebKit+Utilities */ = {
			isa = PBXGroup;
			children = (
				B6D0C01920E773ED0081CFBB /* WKWebView+Extensions.h */,
				B6D0C01A20E773ED0081CFBB /* WKWebView+Extensions.m */,
			);
			path = "WebKit+Utilities";
			sourceTree = "<group>";
		};
		B6D0C01E20E774F70081CFBB /* Frameworks */ = {
			isa = PBXGroup;
			children = (
				B6D0C01F20E774F70081CFBB /* WebKit.framework */,
			);
			name = Frameworks;
			sourceTree = "<group>";
		};
		B6FA0AB920A984EF000CECA0 = {
			isa = PBXGroup;
			children = (
				B6FA0AC520A984EF000CECA0 /* CCToolKit */,
				B6FA0AD020A984EF000CECA0 /* CCToolKitTests */,
				B6C0401320B9517F002A7ED0 /* CCToolKit.framework */,
				B6C0401420B9517F002A7ED0 /* CCToolKitTests.xctest */,
				B6D0C01E20E774F70081CFBB /* Frameworks */,
			);
			sourceTree = "<group>";
		};
		B6FA0AC520A984EF000CECA0 /* CCToolKit */ = {
			isa = PBXGroup;
			children = (
				B6FA0AC720A984EF000CECA0 /* Info.plist */,
				B6FA0AC620A984EF000CECA0 /* CCToolKit.h */,
				B66687B820DDFFE6008EDB9E /* CCCategory */,
				B67E50DB20D619C20007E4E8 /* CCXMLParser */,
				B60BF8FC20AC4EB700EB3EAF /* CCStorage */,
				B623DA7220AAD3D700220F3F /* CCSoftwareInfo */,
			);
			path = CCToolKit;
			sourceTree = "<group>";
		};
		B6FA0AD020A984EF000CECA0 /* CCToolKitTests */ = {
			isa = PBXGroup;
			children = (
				B6FA0AD120A984EF000CECA0 /* CCToolKitTests.m */,
				B6FA0AD320A984EF000CECA0 /* Info.plist */,
			);
			path = CCToolKitTests;
			sourceTree = "<group>";
		};
/* End PBXGroup section */

/* Begin PBXHeadersBuildPhase section */
		B6FA0AC020A984EF000CECA0 /* Headers */ = {
			isa = PBXHeadersBuildPhase;
			buildActionMask = 2147483647;
			files = (
				B66687D420DDFFE6008EDB9E /* UIView+Extensions.h in Headers */,
				B66687DA20DDFFE6008EDB9E /* NSHTTPCookie+Extensions.h in Headers */,
				B66687D320DDFFE6008EDB9E /* UIImage+Extensions.h in Headers */,
				B67E50DE20D61A030007E4E8 /* CCXMLDictionaryParser.h in Headers */,
				B6638B8E2102F94A007397A4 /* CCCategory.h in Headers */,
				B66687DF20DDFFE6008EDB9E /* NSDate+Extensions.h in Headers */,
				B66687D520DDFFE6008EDB9E /* UIColor+Extensions.h in Headers */,
				B66687DD20DDFFE6008EDB9E /* NSString+Extensions.h in Headers */,
				B66687D720DDFFE6008EDB9E /* NSNumber+Extensions.h in Headers */,
				B6D0C01B20E773ED0081CFBB /* WKWebView+Extensions.h in Headers */,
				B6FEA83F2106D0F200D25F01 /* UIAlertView+Extensions.h in Headers */,
				B6FA0AD420A984EF000CECA0 /* CCToolKit.h in Headers */,
				B6C0400120B94CDE002A7ED0 /* CCSoftwareManager.h in Headers */,
				B66687DE20DDFFE6008EDB9E /* NSDictionary+Extensions.h in Headers */,
				B690F9FF20AD736D00D3D086 /* CCFileManager.h in Headers */,
				B6A7757320F9D1C3000E34F3 /* NSObject+Extensions.h in Headers */,
				B6D0C02420E777500081CFBB /* NSHTTPCookieStorage+Extensions.h in Headers */,
				B66687DB20DDFFE6008EDB9E /* NSError+Extensions.h in Headers */,
				B623DA7720AAD3D700220F3F /* CCVersion.h in Headers */,
				B66687DC20DDFFE6008EDB9E /* NSArray+Extensions.h in Headers */,
				B635B4622109A55900E4C0E2 /* CCKeyChain.h in Headers */,
				B66687D920DDFFE6008EDB9E /* NSData+Extensions.h in Headers */,
			);
			runOnlyForDeploymentPostprocessing = 0;
		};
/* End PBXHeadersBuildPhase section */

/* Begin PBXNativeTarget section */
		B6FA0AC220A984EF000CECA0 /* CCToolKit */ = {
			isa = PBXNativeTarget;
			buildConfigurationList = B6FA0AD720A984EF000CECA0 /* Build configuration list for PBXNativeTarget "CCToolKit" */;
			buildPhases = (
				B6FA0ABE20A984EF000CECA0 /* Sources */,
				B6FA0ABF20A984EF000CECA0 /* Frameworks */,
				B6FA0AC020A984EF000CECA0 /* Headers */,
				B6FA0AC120A984EF000CECA0 /* Resources */,
			);
			buildRules = (
			);
			dependencies = (
			);
			name = CCToolKit;
			productName = CCToolKit;
			productReference = B6C0401320B9517F002A7ED0 /* CCToolKit.framework */;
			productType = "com.apple.product-type.framework";
		};
		B6FA0ACB20A984EF000CECA0 /* CCToolKitTests */ = {
			isa = PBXNativeTarget;
			buildConfigurationList = B6FA0ADA20A984EF000CECA0 /* Build configuration list for PBXNativeTarget "CCToolKitTests" */;
			buildPhases = (
				B6FA0AC820A984EF000CECA0 /* Sources */,
				B6FA0AC920A984EF000CECA0 /* Frameworks */,
				B6FA0ACA20A984EF000CECA0 /* Resources */,
			);
			buildRules = (
			);
			dependencies = (
				B6FA0ACF20A984EF000CECA0 /* PBXTargetDependency */,
			);
			name = CCToolKitTests;
			productName = CCToolKitTests;
			productReference = B6C0401420B9517F002A7ED0 /* CCToolKitTests.xctest */;
			productType = "com.apple.product-type.bundle.unit-test";
		};
/* End PBXNativeTarget section */

/* Begin PBXProject section */
		B6FA0ABA20A984EF000CECA0 /* Project object */ = {
			isa = PBXProject;
			attributes = {
				LastUpgradeCheck = 0930;
				ORGANIZATIONNAME = Harry_L;
				TargetAttributes = {
					B6C0400620B94F2B002A7ED0 = {
						CreatedOnToolsVersion = 9.3.1;
						ProvisioningStyle = Automatic;
					};
					B6FA0AC220A984EF000CECA0 = {
						CreatedOnToolsVersion = 9.2;
						ProvisioningStyle = Automatic;
					};
					B6FA0ACB20A984EF000CECA0 = {
						CreatedOnToolsVersion = 9.2;
						ProvisioningStyle = Automatic;
					};
				};
			};
			buildConfigurationList = B6FA0ABD20A984EF000CECA0 /* Build configuration list for PBXProject "CCToolKit" */;
			compatibilityVersion = "Xcode 8.0";
			developmentRegion = en;
			hasScannedForEncodings = 0;
			knownRegions = (
				en,
			);
			mainGroup = B6FA0AB920A984EF000CECA0;
			productRefGroup = B6FA0AB920A984EF000CECA0;
			projectDirPath = "";
			projectRoot = "";
			targets = (
				B6FA0AC220A984EF000CECA0 /* CCToolKit */,
				B6FA0ACB20A984EF000CECA0 /* CCToolKitTests */,
				B6C0400620B94F2B002A7ED0 /* CCToolKits */,
			);
		};
/* End PBXProject section */

/* Begin PBXResourcesBuildPhase section */
		B6FA0AC120A984EF000CECA0 /* Resources */ = {
			isa = PBXResourcesBuildPhase;
			buildActionMask = 2147483647;
			files = (
			);
			runOnlyForDeploymentPostprocessing = 0;
		};
		B6FA0ACA20A984EF000CECA0 /* Resources */ = {
			isa = PBXResourcesBuildPhase;
			buildActionMask = 2147483647;
			files = (
			);
			runOnlyForDeploymentPostprocessing = 0;
		};
/* End PBXResourcesBuildPhase section */

/* Begin PBXShellScriptBuildPhase section */
		B6C0400A20B94F32002A7ED0 /* ShellScript */ = {
			isa = PBXShellScriptBuildPhase;
			buildActionMask = 2147483647;
			files = (
			);
			inputPaths = (
			);
			outputPaths = (
			);
			runOnlyForDeploymentPostprocessing = 0;
			shellPath = /bin/sh;
			shellScript = "# Sets the target folders and the final framework product.\n# 如果工程名称和Framework的Target名称不一样的话，要自定义FMKNAME\n# 例如: FMK_NAME = \"MyFramework\"\nFMK_NAME=${PROJECT_NAME}\n# Install dir will be the final output to the framework.\n# The following line create it in the root folder of the current project.\nINSTALL_DIR=${SRCROOT}/Products/${FMK_NAME}.framework\n# Working dir will be deleted after the framework creation.\nWRK_DIR=build\nDEVICE_DIR=${WRK_DIR}/Release-iphoneos/${FMK_NAME}.framework\nSIMULATOR_DIR=${WRK_DIR}/Release-iphonesimulator/${FMK_NAME}.framework\n# -configuration ${CONFIGURATION}\n# Clean and Building both architectures.\nxcodebuild -configuration \"Release\" -target \"${FMK_NAME}\" -sdk iphoneos clean build\nxcodebuild -configuration \"Release\" -target \"${FMK_NAME}\" -sdk iphonesimulator clean build\n# Cleaning the oldest.\nif [ -d \"${INSTALL_DIR}\" ]\nthen\nrm -rf \"${INSTALL_DIR}\"\nfi\nmkdir -p \"${INSTALL_DIR}\"\ncp -R \"${DEVICE_DIR}/\" \"${INSTALL_DIR}/\"\n# Uses the Lipo Tool to merge both binary files (i386 + armv6/armv7) into one Universal final product.\nlipo -create \"${DEVICE_DIR}/${FMK_NAME}\" \"${SIMULATOR_DIR}/${FMK_NAME}\" -output \"${INSTALL_DIR}/${FMK_NAME}\"\nrm -r \"${WRK_DIR}\"\nopen \"${INSTALL_DIR}\"";
		};
/* End PBXShellScriptBuildPhase section */

/* Begin PBXSourcesBuildPhase section */
		B6FA0ABE20A984EF000CECA0 /* Sources */ = {
			isa = PBXSourcesBuildPhase;
			buildActionMask = 2147483647;
			files = (
				B66687E620DDFFE6008EDB9E /* NSError+Extensions.m in Sources */,
				B66687D820DDFFE6008EDB9E /* NSDate+Extensions.m in Sources */,
				B690F9FE20AD736D00D3D086 /* CCFileManager.m in Sources */,
				B66687E520DDFFE6008EDB9E /* NSArray+Extensions.m in Sources */,
				B66687E420DDFFE6008EDB9E /* NSString+Extensions.m in Sources */,
				B66687E320DDFFE6008EDB9E /* NSDictionary+Extensions.m in Sources */,
				B623DA7A20AAD3D700220F3F /* CCVersion.m in Sources */,
				B6D0C01C20E773ED0081CFBB /* WKWebView+Extensions.m in Sources */,
				B66687E020DDFFE6008EDB9E /* NSNumber+Extensions.m in Sources */,
				B635B4632109A55900E4C0E2 /* CCKeyChain.m in Sources */,
				B66687E120DDFFE6008EDB9E /* NSHTTPCookie+Extensions.m in Sources */,
				B6FEA8402106D0F200D25F01 /* UIAlertView+Extensions.m in Sources */,
				B66687D620DDFFE6008EDB9E /* UIImage+Extensions.m in Sources */,
				B67E50DF20D61A030007E4E8 /* CCXMLDictionaryParser.m in Sources */,
				B6C0400220B94CDE002A7ED0 /* CCSoftwareManager.m in Sources */,
				B66687D220DDFFE6008EDB9E /* UIView+Extensions.m in Sources */,
				B66687D120DDFFE6008EDB9E /* UIColor+Extensions.m in Sources */,
				B6A7757420F9D1C3000E34F3 /* NSObject+Extensions.m in Sources */,
				B6D0C02520E777500081CFBB /* NSHTTPCookieStorage+Extensions.m in Sources */,
				B66687E220DDFFE6008EDB9E /* NSData+Extensions.m in Sources */,
			);
			runOnlyForDeploymentPostprocessing = 0;
		};
		B6FA0AC820A984EF000CECA0 /* Sources */ = {
			isa = PBXSourcesBuildPhase;
			buildActionMask = 2147483647;
			files = (
				B6FA0AD220A984EF000CECA0 /* CCToolKitTests.m in Sources */,
			);
			runOnlyForDeploymentPostprocessing = 0;
		};
/* End PBXSourcesBuildPhase section */

/* Begin PBXTargetDependency section */
		B6C0400C20B94FD0002A7ED0 /* PBXTargetDependency */ = {
			isa = PBXTargetDependency;
			target = B6FA0AC220A984EF000CECA0 /* CCToolKit */;
			targetProxy = B6C0400B20B94FD0002A7ED0 /* PBXContainerItemProxy */;
		};
		B6FA0ACF20A984EF000CECA0 /* PBXTargetDependency */ = {
			isa = PBXTargetDependency;
			target = B6FA0AC220A984EF000CECA0 /* CCToolKit */;
			targetProxy = B6FA0ACE20A984EF000CECA0 /* PBXContainerItemProxy */;
		};
/* End PBXTargetDependency section */

/* Begin XCBuildConfiguration section */
		B6C0400820B94F2B002A7ED0 /* Debug */ = {
			isa = XCBuildConfiguration;
			buildSettings = {
				CODE_SIGN_STYLE = Automatic;
				PRODUCT_NAME = "$(TARGET_NAME)";
			};
			name = Debug;
		};
		B6C0400920B94F2B002A7ED0 /* Release */ = {
			isa = XCBuildConfiguration;
			buildSettings = {
				CODE_SIGN_STYLE = Automatic;
				PRODUCT_NAME = "$(TARGET_NAME)";
			};
			name = Release;
		};
		B6FA0AD520A984EF000CECA0 /* Debug */ = {
			isa = XCBuildConfiguration;
			buildSettings = {
				ALWAYS_SEARCH_USER_PATHS = NO;
				CLANG_ANALYZER_NONNULL = YES;
				CLANG_ANALYZER_NUMBER_OBJECT_CONVERSION = YES_AGGRESSIVE;
				CLANG_CXX_LANGUAGE_STANDARD = "gnu++14";
				CLANG_CXX_LIBRARY = "libc++";
				CLANG_ENABLE_MODULES = YES;
				CLANG_ENABLE_OBJC_ARC = YES;
				CLANG_WARN_BLOCK_CAPTURE_AUTORELEASING = YES;
				CLANG_WARN_BOOL_CONVERSION = YES;
				CLANG_WARN_COMMA = YES;
				CLANG_WARN_CONSTANT_CONVERSION = YES;
				CLANG_WARN_DEPRECATED_OBJC_IMPLEMENTATIONS = YES;
				CLANG_WARN_DIRECT_OBJC_ISA_USAGE = YES_ERROR;
				CLANG_WARN_DOCUMENTATION_COMMENTS = YES;
				CLANG_WARN_EMPTY_BODY = YES;
				CLANG_WARN_ENUM_CONVERSION = YES;
				CLANG_WARN_INFINITE_RECURSION = YES;
				CLANG_WARN_INT_CONVERSION = YES;
				CLANG_WARN_NON_LITERAL_NULL_CONVERSION = YES;
				CLANG_WARN_OBJC_IMPLICIT_RETAIN_SELF = YES;
				CLANG_WARN_OBJC_LITERAL_CONVERSION = YES;
				CLANG_WARN_OBJC_ROOT_CLASS = YES_ERROR;
				CLANG_WARN_RANGE_LOOP_ANALYSIS = YES;
				CLANG_WARN_STRICT_PROTOTYPES = YES;
				CLANG_WARN_SUSPICIOUS_MOVE = YES;
				CLANG_WARN_UNGUARDED_AVAILABILITY = YES_AGGRESSIVE;
				CLANG_WARN_UNREACHABLE_CODE = YES;
				CLANG_WARN__DUPLICATE_METHOD_MATCH = YES;
				CODE_SIGN_IDENTITY = "iPhone Developer";
				COPY_PHASE_STRIP = NO;
				CURRENT_PROJECT_VERSION = 1;
				DEBUG_INFORMATION_FORMAT = dwarf;
				ENABLE_STRICT_OBJC_MSGSEND = YES;
				ENABLE_TESTABILITY = YES;
				GCC_C_LANGUAGE_STANDARD = gnu11;
				GCC_DYNAMIC_NO_PIC = NO;
				GCC_NO_COMMON_BLOCKS = YES;
				GCC_OPTIMIZATION_LEVEL = 0;
				GCC_PREPROCESSOR_DEFINITIONS = (
					"DEBUG=1",
					"$(inherited)",
				);
				GCC_WARN_64_TO_32_BIT_CONVERSION = YES;
				GCC_WARN_ABOUT_RETURN_TYPE = YES_ERROR;
				GCC_WARN_UNDECLARED_SELECTOR = YES;
				GCC_WARN_UNINITIALIZED_AUTOS = YES_AGGRESSIVE;
				GCC_WARN_UNUSED_FUNCTION = YES;
				GCC_WARN_UNUSED_VARIABLE = YES;
				IPHONEOS_DEPLOYMENT_TARGET = 11.2;
				MTL_ENABLE_DEBUG_INFO = YES;
				ONLY_ACTIVE_ARCH = YES;
				SDKROOT = iphoneos;
				VERSIONING_SYSTEM = "apple-generic";
				VERSION_INFO_PREFIX = "";
			};
			name = Debug;
		};
		B6FA0AD620A984EF000CECA0 /* Release */ = {
			isa = XCBuildConfiguration;
			buildSettings = {
				ALWAYS_SEARCH_USER_PATHS = NO;
				CLANG_ANALYZER_NONNULL = YES;
				CLANG_ANALYZER_NUMBER_OBJECT_CONVERSION = YES_AGGRESSIVE;
				CLANG_CXX_LANGUAGE_STANDARD = "gnu++14";
				CLANG_CXX_LIBRARY = "libc++";
				CLANG_ENABLE_MODULES = YES;
				CLANG_ENABLE_OBJC_ARC = YES;
				CLANG_WARN_BLOCK_CAPTURE_AUTORELEASING = YES;
				CLANG_WARN_BOOL_CONVERSION = YES;
				CLANG_WARN_COMMA = YES;
				CLANG_WARN_CONSTANT_CONVERSION = YES;
				CLANG_WARN_DEPRECATED_OBJC_IMPLEMENTATIONS = YES;
				CLANG_WARN_DIRECT_OBJC_ISA_USAGE = YES_ERROR;
				CLANG_WARN_DOCUMENTATION_COMMENTS = YES;
				CLANG_WARN_EMPTY_BODY = YES;
				CLANG_WARN_ENUM_CONVERSION = YES;
				CLANG_WARN_INFINITE_RECURSION = YES;
				CLANG_WARN_INT_CONVERSION = YES;
				CLANG_WARN_NON_LITERAL_NULL_CONVERSION = YES;
				CLANG_WARN_OBJC_IMPLICIT_RETAIN_SELF = YES;
				CLANG_WARN_OBJC_LITERAL_CONVERSION = YES;
				CLANG_WARN_OBJC_ROOT_CLASS = YES_ERROR;
				CLANG_WARN_RANGE_LOOP_ANALYSIS = YES;
				CLANG_WARN_STRICT_PROTOTYPES = YES;
				CLANG_WARN_SUSPICIOUS_MOVE = YES;
				CLANG_WARN_UNGUARDED_AVAILABILITY = YES_AGGRESSIVE;
				CLANG_WARN_UNREACHABLE_CODE = YES;
				CLANG_WARN__DUPLICATE_METHOD_MATCH = YES;
				CODE_SIGN_IDENTITY = "iPhone Developer";
				COPY_PHASE_STRIP = NO;
				CURRENT_PROJECT_VERSION = 1;
				DEBUG_INFORMATION_FORMAT = "dwarf-with-dsym";
				ENABLE_NS_ASSERTIONS = NO;
				ENABLE_STRICT_OBJC_MSGSEND = YES;
				GCC_C_LANGUAGE_STANDARD = gnu11;
				GCC_NO_COMMON_BLOCKS = YES;
				GCC_WARN_64_TO_32_BIT_CONVERSION = YES;
				GCC_WARN_ABOUT_RETURN_TYPE = YES_ERROR;
				GCC_WARN_UNDECLARED_SELECTOR = YES;
				GCC_WARN_UNINITIALIZED_AUTOS = YES_AGGRESSIVE;
				GCC_WARN_UNUSED_FUNCTION = YES;
				GCC_WARN_UNUSED_VARIABLE = YES;
				IPHONEOS_DEPLOYMENT_TARGET = 11.2;
				MTL_ENABLE_DEBUG_INFO = NO;
				SDKROOT = iphoneos;
				VALIDATE_PRODUCT = YES;
				VERSIONING_SYSTEM = "apple-generic";
				VERSION_INFO_PREFIX = "";
			};
			name = Release;
		};
		B6FA0AD820A984EF000CECA0 /* Debug */ = {
			isa = XCBuildConfiguration;
			buildSettings = {
				CLANG_ALLOW_NON_MODULAR_INCLUDES_IN_FRAMEWORK_MODULES = YES;
				CODE_SIGN_IDENTITY = "";
				CODE_SIGN_STYLE = Automatic;
				DEAD_CODE_STRIPPING = NO;
				DEFINES_MODULE = YES;
				DYLIB_COMPATIBILITY_VERSION = 1;
				DYLIB_CURRENT_VERSION = 1;
				DYLIB_INSTALL_NAME_BASE = "@rpath";
				INFOPLIST_FILE = CCToolKit/Info.plist;
				INSTALL_PATH = "$(LOCAL_LIBRARY_DIR)/Frameworks";
				IPHONEOS_DEPLOYMENT_TARGET = 8.0;
				LD_RUNPATH_SEARCH_PATHS = "$(inherited) @executable_path/Frameworks @loader_path/Frameworks";
				LINK_WITH_STANDARD_LIBRARIES = NO;
				MACH_O_TYPE = staticlib;
				ONLY_ACTIVE_ARCH = NO;
				PRODUCT_BUNDLE_IDENTIFIER = com.freedom.CCToolKit;
				PRODUCT_NAME = "$(TARGET_NAME:c99extidentifier)";
				SKIP_INSTALL = YES;
				TARGETED_DEVICE_FAMILY = "1,2";
			};
			name = Debug;
		};
		B6FA0AD920A984EF000CECA0 /* Release */ = {
			isa = XCBuildConfiguration;
			buildSettings = {
				CLANG_ALLOW_NON_MODULAR_INCLUDES_IN_FRAMEWORK_MODULES = YES;
				CODE_SIGN_IDENTITY = "";
				CODE_SIGN_STYLE = Automatic;
				DEAD_CODE_STRIPPING = NO;
				DEFINES_MODULE = YES;
				DYLIB_COMPATIBILITY_VERSION = 1;
				DYLIB_CURRENT_VERSION = 1;
				DYLIB_INSTALL_NAME_BASE = "@rpath";
				INFOPLIST_FILE = CCToolKit/Info.plist;
				INSTALL_PATH = "$(LOCAL_LIBRARY_DIR)/Frameworks";
				IPHONEOS_DEPLOYMENT_TARGET = 8.0;
				LD_RUNPATH_SEARCH_PATHS = "$(inherited) @executable_path/Frameworks @loader_path/Frameworks";
				LINK_WITH_STANDARD_LIBRARIES = NO;
				MACH_O_TYPE = staticlib;
				ONLY_ACTIVE_ARCH = NO;
				PRODUCT_BUNDLE_IDENTIFIER = com.freedom.CCToolKit;
				PRODUCT_NAME = "$(TARGET_NAME:c99extidentifier)";
				SKIP_INSTALL = YES;
				TARGETED_DEVICE_FAMILY = "1,2";
			};
			name = Release;
		};
		B6FA0ADB20A984EF000CECA0 /* Debug */ = {
			isa = XCBuildConfiguration;
			buildSettings = {
				CODE_SIGN_STYLE = Automatic;
				INFOPLIST_FILE = CCToolKitTests/Info.plist;
				LD_RUNPATH_SEARCH_PATHS = "$(inherited) @executable_path/Frameworks @loader_path/Frameworks";
				PRODUCT_BUNDLE_IDENTIFIER = com.freedom.CCToolKitTests;
				PRODUCT_NAME = "$(TARGET_NAME)";
				TARGETED_DEVICE_FAMILY = "1,2";
			};
			name = Debug;
		};
		B6FA0ADC20A984EF000CECA0 /* Release */ = {
			isa = XCBuildConfiguration;
			buildSettings = {
				CODE_SIGN_STYLE = Automatic;
				INFOPLIST_FILE = CCToolKitTests/Info.plist;
				LD_RUNPATH_SEARCH_PATHS = "$(inherited) @executable_path/Frameworks @loader_path/Frameworks";
				PRODUCT_BUNDLE_IDENTIFIER = com.freedom.CCToolKitTests;
				PRODUCT_NAME = "$(TARGET_NAME)";
				TARGETED_DEVICE_FAMILY = "1,2";
			};
			name = Release;
		};
/* End XCBuildConfiguration section */

/* Begin XCConfigurationList section */
		B6C0400720B94F2B002A7ED0 /* Build configuration list for PBXAggregateTarget "CCToolKits" */ = {
			isa = XCConfigurationList;
			buildConfigurations = (
				B6C0400820B94F2B002A7ED0 /* Debug */,
				B6C0400920B94F2B002A7ED0 /* Release */,
			);
			defaultConfigurationIsVisible = 0;
			defaultConfigurationName = Release;
		};
		B6FA0ABD20A984EF000CECA0 /* Build configuration list for PBXProject "CCToolKit" */ = {
			isa = XCConfigurationList;
			buildConfigurations = (
				B6FA0AD520A984EF000CECA0 /* Debug */,
				B6FA0AD620A984EF000CECA0 /* Release */,
			);
			defaultConfigurationIsVisible = 0;
			defaultConfigurationName = Release;
		};
		B6FA0AD720A984EF000CECA0 /* Build configuration list for PBXNativeTarget "CCToolKit" */ = {
			isa = XCConfigurationList;
			buildConfigurations = (
				B6FA0AD820A984EF000CECA0 /* Debug */,
				B6FA0AD920A984EF000CECA0 /* Release */,
			);
			defaultConfigurationIsVisible = 0;
			defaultConfigurationName = Release;
		};
		B6FA0ADA20A984EF000CECA0 /* Build configuration list for PBXNativeTarget "CCToolKitTests" */ = {
			isa = XCConfigurationList;
			buildConfigurations = (
				B6FA0ADB20A984EF000CECA0 /* Debug */,
				B6FA0ADC20A984EF000CECA0 /* Release */,
			);
			defaultConfigurationIsVisible = 0;
			defaultConfigurationName = Release;
		};
/* End XCConfigurationList section */
	};
	rootObject = B6FA0ABA20A984EF000CECA0 /* Project object */;
}
